
Microsoft Visual Studio Solution File, Format Version 12.00
# Visual Studio Version 17
VisualStudioVersion = 17.2.32526.322
MinimumVisualStudioVersion = 10.0.40219.1
Project("{9A19103F-16F7-4668-BE54-9A1E7A4F7556}") = "Test", "Test\Test.csproj", "{4AB0DF74-2958-455D-A90D-F8ACF80EEF7C}"
EndProject
Project("{FAE04EC0-301F-11D3-BF4B-00C04F79EFBC}") = "Test.Db", "Test.Db\Test.Db.csproj", "{F1741CD7-821A-4673-81E1-8F72FAE30726}"
EndProject
Global
	GlobalSection(SolutionConfigurationPlatforms) = preSolution
		Debug|Any CPU = Debug|Any CPU
		Release|Any CPU = Release|Any CPU
	EndGlobalSection
	GlobalSection(ProjectConfigurationPlatforms) = postSolution
		{4AB0DF74-2958-455D-A90D-F8ACF80EEF7C}.Debug|Any CPU.ActiveCfg = Debug|Any CPU
		{4AB0DF74-2958-455D-A90D-F8ACF80EEF7C}.Debug|Any CPU.Build.0 = Debug|Any CPU
		{4AB0DF74-2958-455D-A90D-F8ACF80EEF7C}.Release|Any CPU.ActiveCfg = Release|Any CPU
		{4AB0DF74-2958-455D-A90D-F8ACF80EEF7C}.Release|Any CPU.Build.0 = Release|Any CPU
		{F1741CD7-821A-4673-81E1-8F72FAE30726}.Debug|Any CPU.ActiveCfg = Debug|Any CPU
		{F1741CD7-821A-4673-81E1-8F72FAE30726}.Debug|Any CPU.Build.0 = Debug|Any CPU
		{F1741CD7-821A-4673-81E1-8F72FAE30726}.Release|Any CPU.ActiveCfg = Release|Any CPU
		{F1741CD7-821A-4673-81E1-8F72FAE30726}.Release|Any CPU.Build.0 = Release|Any CPU
	EndGlobalSection
	GlobalSection(SolutionProperties) = preSolution
		HideSolutionNode = FALSE
	EndGlobalSection
	GlobalSection(ExtensibilityGlobals) = postSolution
		SolutionGuid = {46F9EE31-182E-4534-A387-434510C4365B}
	EndGlobalSection
EndGlobal
